# This file was autogenerated by uv via the following command:
#    uv export --frozen --no-dev --no-emit-local --format requirements-txt --output-file ../requirements.lock
anytree==2.13.0 \
    --hash=sha256:4cbcf10df36b1f1cba131b7e487ff3edafc9d6e932a3c70071b5b768bab901ff \
    --hash=sha256:c9d3aa6825fdd06af7ebb05b4ef291d2db63e62bb1f9b7d9b71354be9d362714
    # via build123d
asttokens==3.0.2 \
    --hash=sha256:3ecdbd8f2cc195f53ccada3a613538bb5f9ef6f6869129f13e03c30a677b8fe2 \
    --hash=sha256:9da13157f5b28becde0bd374fc677dcd3c290614264eff096f167c469cd9f933
    # via stack-data
build123d==0.11.1 \
    --hash=sha256:4e95fa7ccbdc83e624313be492e7c4f5f0eb2ea1df36130eb718bb0c25a89e10 \
    --hash=sha256:9647c3fc7e1ef11d9c335787a54cf26e9bbc2191186342fe9755ec24a480033b
    # via hephaestus-executor-runtime
cadquery-ocp-novtk==7.9.3.1.1 \
    --hash=sha256:2287812f213af7020f8bbc69b07d6039e529f5e0e154c0192221aff3fdac6676 \
    --hash=sha256:3390be6d8199a50b01ae0137a60f56d0cfecd8753dbee08532bbbeb8b7169682 \
    --hash=sha256:d8f68b05c2917fb0f5ea569ed88c697d47cc57a7b293929d863b52c99ace9312 \
    --hash=sha256:e2969d2129bf21067f44953117cc18f1426f5aacaed8bcc074228eb50f3179b2 \
    --hash=sha256:ffcd04d4efa087d3aa942360020265a1ac0e12407bd7bcfeb37e70b4d1ee72df
    # via build123d
cadquery-ocp-proxy==7.9.3.1.1 \
    --hash=sha256:ca4164ec4b54956d9fc3e68c67d555b5486cb963c2f71e18df005ba16b921c91
    # via
    #   cadquery-ocp-novtk
    #   ocp-gordon
    #   ocpsvg
certifi==2026.7.22 \
    --hash=sha256:62f22742b58a1a33014a2b6b706588a8d7e2a88ae7bd1a6ebe8c992928483775 \
    --hash=sha256:741e2c3b351ddf169a738da9f2c048608ff7f2c5cc02f1ebc6b118bb090d5d55
    # via requests
charset-normalizer==3.5.1 \
    --hash=sha256:0d929fc574b4d6fd9e7c0f5c2ede8716a41911923aa7fa5fce38e0818aa4a1ac \
    --hash=sha256:2f293479cce755c75f1697e87c409b7ae4c555c7dfecb6e988ad13abba943031 \
    --hash=sha256:343fb4f2821043bd87095f7b08a1a181febc8e36ac64212143bbfd0a0e1bc235 \
    --hash=sha256:3588e376b3ea2eea84976f67273d679f229e24c66dce7b82ae45aef04ff6e072 \
    --hash=sha256:35fe081843b35aad20ffeccec3eeffbe637b15d14f3fb22cc1b59cd8ec17e93c \
    --hash=sha256:36047af20e17097c3bb9476c2b7655f2f7aa51322c0ba58c07695bedf755a950 \
    --hash=sha256:394fea06235c8543390050ed5f529187074b029fb027213f6c46ac11ab5d950e \
    --hash=sha256:41876ee62a3dddf48ff1121ad8f0798032aa03f2fd35f21f34a4cab14f18d8d2 \
    --hash=sha256:485a0d363cafefcd2538a73c7c838daa2035f09b2c9f9b5e3133f80c6aeb84c2 \
    --hash=sha256:4b599739b93b2cbeded49645ae3c8d1405c29ddfbceac1545c87a3f9580a9e96 \
    --hash=sha256:4c4fb141a727957c93edfe5c32a26ceb6b5f6461d67146e2d39f51e16170bea8 \
    --hash=sha256:4f298bdadb8f0b9e5672877f647d1be9373ef5320c9e2f049795e26cad28b6a9 \
    --hash=sha256:5c0ea61a470e070686aa30892fed79e297d2c8d0ab46b8bcdf027d38c51da591 \
    --hash=sha256:6117b84ea48435e5356dc737f5121485c30920ba43375fa7b434fd753df0eac3 \
    --hash=sha256:62b55f6722735a6c472f88361cde6640608773d9443cebdbb51abf436a1fcdd3 \
    --hash=sha256:6df0ec430f9a831772c23ca5a224cba36517a58a84bb32c32bb59a9fa67c47f6 \
    --hash=sha256:70055ff39b97c99e7ae40ea3e393fb62aa2e44dbd9b29f8d14f42fb0025c3959 \
    --hash=sha256:87e4f41d375c0b9be2fb5251aee4b8a689169e134535aed81bf085c3b647451e \
    --hash=sha256:88ca277405c2d3b71c4e1c2ee0e7966e807bcba86a69d11e19ba199d18ae4491 \
    --hash=sha256:90b7481fb62fbe172c558bc6fd1c4c98d82004a54a7551f20e11ac9bf0b8708c \
    --hash=sha256:9362dd90aa7dab48c0054a21187791ccf05473f7dba5d92b8033ae62164675e7 \
    --hash=sha256:94d78ecec2605a8d0398b0f365d5f12a63248438516f5dac536a5eff7337df4a \
    --hash=sha256:977cdbd483a9cff38179bea4fd754289a6f2195c7abd414aba85410b3e66cc5e \
    --hash=sha256:9d9a0dc7cbe9bec24c3f767c9122c41fe5a1bc43f47cd099d00d393e09769de4 \
    --hash=sha256:a2028475ba855475b8b4d3cfeb4994269c967aea8b9892dfba907f4263a863a3 \
    --hash=sha256:a6dac12ff6b846103483683f60c5f8fee205121adc58ffd87e90a90a3af69e99 \
    --hash=sha256:ae4a097991662cd4fff0ddc74e0fe7874f82e00042fa0ea00855645ed0c79598 \
    --hash=sha256:aea996a6aba25260827c9ea511d1addfde2da9eb686ac961838509086188b7e6 \
    --hash=sha256:b39b69b347e5e47a3b5b8cfc005c68c1ba347474e3960236c4944a8ecd174962 \
    --hash=sha256:c71fb0d56c920c269cd3e2e3fe7c610e3f1fdb21a6ce60efa6430ff63676cea6 \
    --hash=sha256:cee5dd7c6fb5dd52a0fe2a740f9bc6e3593f5f8b1788bde49de02086f30182b2 \
    --hash=sha256:d59b75732e9b6f27388e10c14b0259cc5f2e48c78627d185e6a177b58ad3cffe \
    --hash=sha256:d63600d620ad0064c3a748b950ac5ea38a80190e5498532efefa4b7b3f1da1f3 \
    --hash=sha256:dd732602a7009217f658d5863d12d79d373a4de0eebc111094bcdd3bb8e0a6cc \
    --hash=sha256:e199fb99720074809a7720f1c0b4d919eea8b87e88713e0f8f602f7bef543d9d \
    --hash=sha256:e90251c0c7bdd54a100a0dce3c07b7e637278c93af29dbf78ebb89a58c4bac7d \
    --hash=sha256:fa48b1b63d639f9483e0633e092f5851e2348c352f1f9bb6c8182f87884ef876 \
    --hash=sha256:fd0350afdc3aabd5576f60ea109228bd5538139713c7b094c5cd27c73a98bc6f \
    --hash=sha256:fd0a274c0e5f9a21565cd9d3dd749b61f96b7aa1e20a93aa1ba4029518f2e5c0
    # via requests
cloudpickle==3.1.2 \
    --hash=sha256:7fda9eb655c9c230dab534f1983763de5835249750e85fbcef43aaa30a9a2414 \
    --hash=sha256:9acb47f6afd73f60dc1df93bb801b472f05ff42fa6c84167d25cb206be1fbf4a
    # via joblib
colorama==0.4.6 ; sys_platform == 'win32' \
    --hash=sha256:08695f5cb7ed6e0531a20572697297273c47b8cae5a63ffc6d6ed5c201be6e44 \
    --hash=sha256:4f1d9991f5acc0ca119f9d443620b77f9d6b33703e51011c16baf57afb285fc6
    # via ipython
executing==2.2.1 \
    --hash=sha256:3632cc370565f6648cc328b32435bd120a1e4ebb20c77e3fdde9a13cd1e533c4 \
    --hash=sha256:760643d3452b4d777d295bb167ccc74c64a81df23fb5e08eff250c425a4b2017
    # via stack-data
ezdxf==1.4.4 \
    --hash=sha256:207eed544417464ffaf2570880d58a792ecd2534c9c2dede45e895f3200b77e6 \
    --hash=sha256:278a09a845d67a4f893aebe9ef8dcd8894ece9f255d7d8bb21719ffd902109b8 \
    --hash=sha256:3be59c2a3a93585412a2a37af29b3ad7574fa3e429e624924c3285d0573388b3 \
    --hash=sha256:3d3d9a6663993fc644751647fd7843057b51742ffac27c48ce28ea9f81239613 \
    --hash=sha256:44a9716860b59dddd49a3708c04ff4580ad1e7de92ac93bb3213d85fba5ac93f \
    --hash=sha256:666edda631ba717270293b734f5d58dd97a1d1aba4787187f09d0cc584645865 \
    --hash=sha256:82c022cf094d21ad3db68557aa83628e4152355e8a8bef0fffd4f71a9ea325df \
    --hash=sha256:b0a787f8ebcbdcb9798c6fcfe90c23afd1a0993c8d4302b6cce5d8f19ae052ae \
    --hash=sha256:c451d1c20f08b30c735ca4d650fee5b44147402f4b5662f8550053ed8a3009c2 \
    --hash=sha256:da5a5e0e6bdbb6656f9c017b47edc7eafceb419d61a2b5de64ffb344c168e593
    # via
    #   build123d
    #   hephaestus-executor-runtime
fonttools==4.66.0 \
    --hash=sha256:379b94fe10651d26caf398eb646b3ecde886a9c504d3cce5e46164d58a78e32d \
    --hash=sha256:700c448f190cc7bbd9f059bd96131f4770e90938c9692550b142153bea73b14c \
    --hash=sha256:8739d77810aeb6d2ecd55cc2e4864d98a00c317fb6131a6d22ca58b3f50cf22a \
    --hash=sha256:ada87643b20a8fa5763e6dd4fa0f5e2901cbdbe0833deb6d5c5a9c3186782b94 \
    --hash=sha256:bc7b7ddc1a1f46c363354304e9a8dd93722e4a6a24f785015650898dacf40df9 \
    --hash=sha256:c144e68572af1dfcb05fe065827d0920d4118b265504928e1d2262e3701a25a1 \
    --hash=sha256:c519433e8632284dbe64ee4c81b609a17e205bc1afff285553723964880d1c89 \
    --hash=sha256:cffa168522a0e057d3a5628c8ebd43ddf66a34613f42e116bffb85b0b32ce5a0 \
    --hash=sha256:ee4f85d1341af630d787514eef1a0e1ad883f9d6c11a4c1465faeb9cd0bb5ced \
    --hash=sha256:ef0610dfe7bb5bf574d9bdad6f597403ebc9807d124ac6f148d7604b2609be98
    # via ezdxf
idna==3.20 \
    --hash=sha256:a7db850025b95ded1eae8a46181a1a6c56c92c96f0e2b005d9ff8dc0210cab44 \
    --hash=sha256:ab7ae7122974553370f0bdb919e1a960b2cd1bc1ef0276416d896db81c14582c
    # via requests
ipython==9.17.1 \
    --hash=sha256:6d1645743cfd1a07eb695d85aa2b5fa66721f8cbae9431d4049f7084bbf06509 \
    --hash=sha256:8919be8c27f20a6f4423145028063f6637b42a03ce57665bb12015ee1f073529
    # via build123d
ipython-pygments-lexers==1.1.1 \
    --hash=sha256:09c0138009e56b6854f9535736f4171d855c8c08a563a0dcd8022f78355c7e81 \
    --hash=sha256:a9462224a505ade19a605f71f8fa63c2048833ce50abc86768a0d81d876dc81c
    # via ipython
jedi==0.20.0 \
    --hash=sha256:7bdd9c2634f56713299976f4cbd59cb3fa92165cc5e05ea811fb253480728b67 \
    --hash=sha256:c3f4ccbd276696f4b19c54618d4fb18f9fc24b0aef02acf704b23f487daa1011
    # via ipython
joblib==1.6.0 \
    --hash=sha256:2ccc96785b12046c08fd6d55839c12857831b54a3c1673ffadd2f04bfc4eda03 \
    --hash=sha256:3dbbf9f6e4b592a2357b854608e980fe6390d131d7a82f011a377ef2ebef7aba
    # via scikit-learn
lib3mf==2.5.0 ; platform_machine != 'aarch64' or sys_platform != 'linux' \
    --hash=sha256:b4c00033c47cfeac93b7daa069fb46e8dea4391d5522b79cd6e9f6af75e33013 \
    --hash=sha256:e378470855d634708c6ae7f2f2c6fcd89e4996350de86020849e7b2d51ffe6ac \
    --hash=sha256:f7dc57ea22214fa92dac728ba66e58c4b24b775d467888262a820338d7d84145
    # via build123d
matplotlib-inline==0.2.2 \
    --hash=sha256:3c821cf1c209f59fb2d2d64abbf5b23b67bcb2210d663f9918dd851c6da1fcf6 \
    --hash=sha256:72f3fe8fce36b70d4a5b612f899090cd0401deddc4ea90e1572b9f4bfb058c79
    # via ipython
mpmath==1.3.0 \
    --hash=sha256:7a28eb2a9774d00c7bc92411c19a89209d5da7c4c9a9e227be8330a23a25b91f \
    --hash=sha256:a0b2b9fe80bbcd81a6647ff13108738cfb482d481d826cc0e02f5b35e5c88d2c
    # via sympy
narwhals==2.26.0 \
    --hash=sha256:29326d74f107c347fd1009bd58e38d9f7c7c5b51e6de97bc93dbc325d9038b54 \
    --hash=sha256:6b9cadca82f375c7e4cf584fdc86ca25da54827307a9c58f94547ee6104b82dd
    # via scikit-learn
numpy==2.5.3 \
    --hash=sha256:1302b90c0e52281681b2975adfe8a860cb7b12216a27b4b0b4207c44bf7bccf0 \
    --hash=sha256:1c80eabb4035ecf4ca9cd49cde8a9fdd69a729e63e6474887d1523ade7aa277f \
    --hash=sha256:66a78fe4556c60aceda5916f9eacd638b18e9e681016ec302dcb4682d6d4d034 \
    --hash=sha256:71cad2b2a7451ab79d8f5e71b453485b6775963d5cf794179144a7463fe6e8ec \
    --hash=sha256:8e4dd766076855b5ff7ea52fa5f07ce26286726e0f8bff446b7739d02e6ea204 \
    --hash=sha256:92f30e89b8ee0ecf363033576c422b2f58fed6a80bed0aa48dff6d14c654663e \
    --hash=sha256:a5fa86b80fd24bcd1aff83ad23be44ea323de3f787be8f8b15d4a65621e25321 \
    --hash=sha256:bd4cb9ad3c7889b9b3fe0a9a9fb5d2ed26f9879bff2608d9f01aed147a20d231 \
    --hash=sha256:c76d5dde9f445058f83d0c02af00557a4db91de9a9a57c0df87d1535001d654b \
    --hash=sha256:ccbc4665079665c3cf3bab4db9f6b095370cd6437d66be549b6c2a1fd19e1958 \
    --hash=sha256:df2d5874ff183595a4ba404edd04f6bd9b5505c1d7708573f6a6c17489a67563 \
    --hash=sha256:f9a2353b37a1a9e78fd82b27ad7e2a32a2d036604d18f02b05e3136c62ca3b09
    # via
    #   build123d
    #   ezdxf
    #   hephaestus-executor-runtime
    #   ocp-gordon
    #   scikit-learn
    #   scipy
    #   svgpathtools
    #   trimesh
ocp-gordon==0.2.2 \
    --hash=sha256:403c2628a8de9b694f18ecd2d98c1956d3aaf7c869f72e3556575d33d8df03f1 \
    --hash=sha256:6414e901a11065a56e839c81b56f418100b4d0b81eb5aa23bb1f8f72f97ff099
    # via build123d
ocpsvg==0.6.0 \
    --hash=sha256:5cfc6deb2f602ded845596409e41fe8f5e1b389e14e8cc727db0955f0e88de7b \
    --hash=sha256:f08da4347cc90ecd3565395e9bda5746d46ab8aafd6a2681bb03a9c321b54039
    # via build123d
parso==0.8.7 \
    --hash=sha256:a8926eb2a1b915486941fdbd31e86a4baf88fe8c210f25f2f35ecec5b574ca1c \
    --hash=sha256:eaaac4c9fdd5e9e8852dc778d2d7405897ec510f2a298071453e5e3a07914bb1
    # via jedi
pexpect==4.9.0 ; sys_platform != 'emscripten' and sys_platform != 'win32' \
    --hash=sha256:7236d1e080e4936be2dc3e326cec0af72acf9212a7e1d060210e70a47e253523 \
    --hash=sha256:ee7d41123f3c9911050ea2c2dac107568dc43b2d3b0c7557a33212c398ead30f
    # via ipython
prompt-toolkit==3.0.53 \
    --hash=sha256:01c0891d7f9237d5e339f7d3e42cdae80b7534abb1c7c0e3352efba6231492f2 \
    --hash=sha256:9ec8a0ad96d5c56148b3f914aa79c1564c3fde5d2e6b876e7bc327e353cf8fa6
    # via ipython
psutil==7.2.2 ; sys_platform != 'cygwin' and sys_platform != 'emscripten' \
    --hash=sha256:0746f5f8d406af344fd547f1c8daa5f5c33dbc293bb8d6a16d80b4bb88f59372 \
    --hash=sha256:076a2d2f923fd4821644f5ba89f059523da90dc9014e85f8e45a5774ca5bc6f9 \
    --hash=sha256:1a571f2330c966c62aeda00dd24620425d4b0cc86881c89861fbc04549e5dc63 \
    --hash=sha256:1a7b04c10f32cc88ab39cbf606e117fd74721c831c98a27dc04578deb0c16979 \
    --hash=sha256:2edccc433cbfa046b980b0df0171cd25bcaeb3a68fe9022db0979e7aa74a826b \
    --hash=sha256:8c233660f575a5a89e6d4cb65d9f938126312bca76d8fe087b947b3a1aaac9ee \
    --hash=sha256:917e891983ca3c1887b4ef36447b1e0873e70c933afc831c6b6da078ba474312 \
    --hash=sha256:ab486563df44c17f5173621c7b198955bd6b613fb87c71c161f827d3fb149a9b \
    --hash=sha256:ae0aefdd8796a7737eccea863f80f81e468a1e4cf14d926bd9b6f5f2d5f90ca9 \
    --hash=sha256:b0726cecd84f9474419d67252add4ac0cd9811b04d61123054b9fb6f57df6e9e \
    --hash=sha256:b58fabe35e80b264a4e3bb23e6b96f9e45a3df7fb7eed419ac0e5947c61e47cc \
    --hash=sha256:e78c8603dcd9a04c7364f1a3e670cea95d51ee865e4efb3556a3a63adef958ea \
    --hash=sha256:eb7e81434c8d223ec4a219b5fc1c47d0417b12be7ea866e24fb5ad6e84b3d988 \
    --hash=sha256:ed0cace939114f62738d808fdcecd4c869222507e266e574799e9c0faa17d486 \
    --hash=sha256:fd04ef36b4a6d599bbdb225dd1d3f51e00105f6d48a28f006da7f9822f2606d8
    # via ipython
ptyprocess==0.7.0 ; sys_platform != 'emscripten' and sys_platform != 'win32' \
    --hash=sha256:4b41f3967fce3af57cc7e94b888626c18bf37a083e3651ca8feeb66d492fef35 \
    --hash=sha256:5c5d0a3b48ceee0b48485e0c26037c0acd7d29765ca3fbb5cb3831d347423220
    # via pexpect
pure-eval==0.2.4 \
    --hash=sha256:260c2774686e651b79f8b8e7fc9d80b3599ea6a66334b47d5f4abb69fc2c0ea1 \
    --hash=sha256:96cae060a313cfaad51bb761278bfb0e62dc0248d9315a81173752dc546cd37a
    # via stack-data
py-lib3mf==2.5.0 ; platform_machine == 'aarch64' and sys_platform == 'linux' \
    --hash=sha256:bcdc9eb3606c66ab336fcadba59681602887d05df787cfd7432622307f4a4362
    # via build123d
pygments==2.21.0 \
    --hash=sha256:2363c69b61c4a97c838da3b130dcd6468f4848992b21a82f2a63ec34377137d9 \
    --hash=sha256:610ca751c9bc2492b38eb9a38a7fbc93edbbb2d7182edaf34e66ae493dee5c8c
    # via
    #   ipython
    #   ipython-pygments-lexers
pyparsing==3.3.3 \
    --hash=sha256:928ae7e20211f3b6f3915a72f06a0cfd29ab9d24279dd6346b6b1a7146397d36 \
    --hash=sha256:ece8c00a69cf01b45d0b1dedabb469c90d8caf996d4fda40f147627a122849a4
    # via ezdxf
requests==2.34.2 \
    --hash=sha256:2a0d60c172f83ac6ab31e4554906c0f3b3588d37b5cb939b1c061f4907e278e0 \
    --hash=sha256:f288924cae4e29463698d6d60bc6a4da69c89185ad1e0bcc4104f584e960b9ed
    # via build123d
scikit-learn==1.9.1 \
    --hash=sha256:2070f271e5375dc42c6bb93b461ab1c0aa5841d4009267e0cfd95a39dca94a43 \
    --hash=sha256:2c2b312fd8c02951a364fa120ea08c1cec10d863466bf1701b013152d7537835 \
    --hash=sha256:55e79d6e9b0923f1a978179822bd43d7f5543f45e970a00fe861f43486380aba \
    --hash=sha256:5990f9c69e431bfaddcde1a6d7c5355243e026bc9b9e560c13893b90dab53fb4 \
    --hash=sha256:613f0a783ca05aa844a4e1ac42d48425058f2c52be73f40f8cd98b7cd111acd6 \
    --hash=sha256:61cd968ab831a76d0ecbaf0347ab2270268716da28f94fd022497e3d6f205f13 \
    --hash=sha256:629cada3e33e2b9bf376cdc7614a47a4140b8aedc1d836579e359736fbd82977
    # via build123d
scipy==1.18.1 \
    --hash=sha256:3ab3523da44749156e1f68b464dc56af11ae4cbc5c739a49d05f32b982eca9f3 \
    --hash=sha256:52c4b7422442aba924d03ad4019852b08a92e64ea187b933135687bfe2747307 \
    --hash=sha256:559ed65f60c1af5a03f3912605a1b5114f522c7c32fb23c3376ae8f03219fe28 \
    --hash=sha256:75b00eb8fb802090aa903f4ea1c7f5a584779f967361e68b7e98e531cc2d7174 \
    --hash=sha256:c825cef2f49e46753726a7181a8e199804a912b29519ada542c6ebc654951899 \
    --hash=sha256:cd479fc04dd9401e3b4f49e76518768ef99c4f517a98c284eb091fd725719adf \
    --hash=sha256:d416b16cccfd70fbf62400e84d0bb2f4e6af519a45557f1692c749b37f14b315 \
    --hash=sha256:e3b417bf8c2c7c16e8f58ad91db17783ec911ac16e7b50eb6eab6e809b4f5b07 \
    --hash=sha256:e6fb6a55cc0ba97b59a1f288fb86dc6fce8bdfc0fffcbfd015e3a954bf2a2d93 \
    --hash=sha256:ea324d9dd34c38bfb9bec8ca4d1b407db97dbb74029f566b8e322b1b6fe56fe6 \
    --hash=sha256:fdaf5ea890a6183d0565f51a61799d67081bd5b1cf03c5f4b3fd3732108625c9
    # via
    #   build123d
    #   hephaestus-executor-runtime
    #   ocp-gordon
    #   scikit-learn
    #   svgpathtools
stack-data==0.6.3 \
    --hash=sha256:836a778de4fec4dcd1dcd89ed8abff8a221f58308462e1c4aa2a3cf30148f0b9 \
    --hash=sha256:d5558e0c25a4cb0853cddad3d77da9891a08cb85dd9f9f91b9f8cd66e511e695
    # via ipython
svgelements==1.9.6 \
    --hash=sha256:7c02ad6404cd3d1771fd50e40fbfc0550b0893933466f86a6eb815f3ba3f37f7 \
    --hash=sha256:8a5cf2cc066d98e713d5b875b1d6e5eeb9b92e855e835ebd7caab2713ae1dcad
    # via ocpsvg
svgpathtools==1.8.0 \
    --hash=sha256:783f6d32b37e1d6090fb31d56e6925909682b24ed50c361119a732d1a2c646f2 \
    --hash=sha256:e5fc4a7b5aae744e4a9de698e0ff54a9d3769c578d1e420cc452eedcaf1650fb
    # via build123d
svgwrite==1.4.3 \
    --hash=sha256:a8fbdfd4443302a6619a7f76bc937fc683daf2628d9b737c891ec08b8ce524c3 \
    --hash=sha256:bb6b2b5450f1edbfa597d924f9ac2dd099e625562e492021d7dd614f65f8a22d
    # via svgpathtools
sympy==1.14.0 \
    --hash=sha256:d3d3fe8df1e5a0b42f0e7bdf50541697dbe7d23746e894990c030e2b05e72517 \
    --hash=sha256:e091cc3e99d2141a0ba2847328f5479b05d94a6635cb96148ccb3f34671bd8f5
    # via build123d
threadpoolctl==3.7.0 \
    --hash=sha256:61348cfb77d53b9242e0017029244b559b810c142ced65b4e21eeca1843959a7 \
    --hash=sha256:cd8b60b5641b45c67bbf73c64c843235fc2d8a480c87389f52f5dbee893b86be
    # via scikit-learn
traitlets==5.16.1 \
    --hash=sha256:ed900c2b631aa3a112811139fa97b8d2c3bad5e989656bba4b7e52c7852c18c1 \
    --hash=sha256:f775618166caa0396c8e337099240f2bd3e5e917d203b2e6fbe21a58d3cb1f6b
    # via
    #   ipython
    #   matplotlib-inline
trianglesolver==1.2 \
    --hash=sha256:4af18aade579d5c0d64389b3e65aeaf06cff26319762ccd859e3268559a76aea \
    --hash=sha256:aa0903c3708b4e2b496f06d490cae72c6ff6274b00d1edce420fcfa3b2b76682
    # via build123d
trimesh==5.1.0 \
    --hash=sha256:0fa85d1d131e321b683c00747c20090200b92071298b905ea588f609eb204c89 \
    --hash=sha256:927aa8748af8b84cb969c8f53270d929e546f2beada77a2bc234b605fddf1454
    # via hephaestus-executor-runtime
typing-extensions==4.16.0 \
    --hash=sha256:481caa481374e813c1b176ada14e97f1f67a4539ce9cfeb3f350d78d6370c2e8 \
    --hash=sha256:dc983d19a509c94dba722ee6abd33940f7c05a89e243c47e907eb4db6f1a43e5
    # via
    #   build123d
    #   ezdxf
urllib3==2.8.0 \
    --hash=sha256:0cf3cae568d36aa9576b28dfb35f11328f1cb974ca7647d9475ebb86c75ac6e3 \
    --hash=sha256:63bf2ead4c879426ebf22ef2a781eeb4aa3b4ae798a0435506f8687fd5bb9b63
    # via requests
wcwidth==0.9.1 \
    --hash=sha256:10b00ba23482e352f874d2e8135e7ace9da838646c7dd800566246bbd46125ff \
    --hash=sha256:356376852357b8fca71fe5415808ec421679e04b4a98eb7c9cb6a7984b911a05 \
    --hash=sha256:40d936d72c9bdc10df43f93a8be502bc5024b487259139f66a328722c07f34a9 \
    --hash=sha256:5823209b0d43af322ce698c689380d7c15ca31fa8e6e3be8459f27031bef0af5 \
    --hash=sha256:61bd7aef9cafb6cb77a37a169998d7928ce82a51522146d11f60db9e7d1cb43a \
    --hash=sha256:69bb970cf5652b88cfdb9d3fdd1764fc15e5f8ad531643e7bb3e894cd969740e \
    --hash=sha256:6e1272b7986cefe79783737e38bdb9eaae0682b333c7bd132024441193dd5ce7 \
    --hash=sha256:708158c082364af442f9983de7b6ec9ac0d2e1b825ada25f0911b1f138d55405 \
    --hash=sha256:747fb724223f417a17541a95a17c1dac3a8ef9a0cf41684950f0eab191a35f65 \
    --hash=sha256:991d1c8834f548e9c1f16432075ee84638e122312556bbf1ed595ea8fffc4673 \
    --hash=sha256:b5da43d6967668982e44a52fb551967d293f86d26cd86036ac95bbdd34394ed9 \
    --hash=sha256:e0c3a1c45c5b9550c6919a4449e95f5b177f6e165786376981db8f1addae9b21 \
    --hash=sha256:fe021c4d8de9d36c31a0cb41d0d2546dadd3b0708a301f1a0c66ce200851831f
    # via prompt-toolkit
webcolors==24.8.0 \
    --hash=sha256:08b07af286a01bcd30d583a7acadf629583d1f79bfef27dd2c2c5c263817277d \
    --hash=sha256:fc4c3b59358ada164552084a8ebee637c221e4059267d0f8325b3b560f6c7f0a
    # via build123d
